
Microsoft Visual Studio Solution File, Format Version 12.00
# Visual Studio Version 17
VisualStudioVersion = 17.10.34928.147
MinimumVisualStudioVersion = 10.0.40219.1
Project("{9A19103F-16F7-4668-BE54-9A1E7A4F7556}") = "CK.Central.Core", "CK.Central.Core\CK.Central.Core.csproj", "{1B405E9A-D002-4B47-B4C7-378F5F34F3B0}"
EndProject
Project("{9A19103F-16F7-4668-BE54-9A1E7A4F7556}") = "CK.Central.Core.GrabMart", "CK.Central.Core.GrabMart\CK.Central.Core.GrabMart.csproj", "{15991194-2990-430A-B8E7-3A20B6AC8F08}"
EndProject
Project("{9A19103F-16F7-4668-BE54-9A1E7A4F7556}") = "CK.Central.API.GrabMart", "CK.Central.API.GrabMart\CK.Central.API.GrabMart.csproj", "{A2B18AEA-09EE-48A0-953C-3659CA361BF7}"
EndProject
Project("{9A19103F-16F7-4668-BE54-9A1E7A4F7556}") = "CK.Central.Backend.AppHost", "CK.Central.Backend.AppHost\CK.Central.Backend.AppHost.csproj", "{782AF962-00FE-432F-BE48-550B09D37EA7}"
EndProject
Project("{9A19103F-16F7-4668-BE54-9A1E7A4F7556}") = "CK.Central.Backend.ServiceDefaults", "CK.Central.Backend.ServiceDefaults\CK.Central.Backend.ServiceDefaults.csproj", "{60952737-ACA5-4B67-837F-F23F90404C66}"
EndProject
Project("{9A19103F-16F7-4668-BE54-9A1E7A4F7556}") = "CK.Central.Core.CMS", "CK.Central.Core.CMS\CK.Central.Core.CMS.csproj", "{790AE326-13BC-4874-9AF7-C48ADD23B1D3}"
EndProject
Project("{9A19103F-16F7-4668-BE54-9A1E7A4F7556}") = "CK.Central.API.CMS", "CK.Central.API.CMS\CK.Central.API.CMS.csproj", "{8D236BD6-75D1-4890-BD34-11B0EF48E252}"
EndProject
Project("{2150E333-8FDC-42A3-9474-1A3956D46DE8}") = "GrabMart", "GrabMart", "{911549F5-F68C-44D0-A876-B2AFBFBDA2AE}"
EndProject
Project("{2150E333-8FDC-42A3-9474-1A3956D46DE8}") = "CMS", "CMS", "{0F6AAF9A-DAA9-4DAC-B8C8-7A3797A705BF}"
EndProject
Project("{9A19103F-16F7-4668-BE54-9A1E7A4F7556}") = "CK.Central.API.GrabMart.Menu", "CK.Central.API.GrabMart.Menu\CK.Central.API.GrabMart.Menu.csproj", "{36DB4C7B-D3A1-456F-9571-58AFB8F4F2B3}"
EndProject
Project("{9A19103F-16F7-4668-BE54-9A1E7A4F7556}") = "CK.Central.API.GrabMart.Order", "CK.Central.API.GrabMart.Order\CK.Central.API.GrabMart.Order.csproj", "{EE89D48C-B4BD-4371-948E-0FD9FF963EDF}"
EndProject
Project("{9A19103F-16F7-4668-BE54-9A1E7A4F7556}") = "CK.Central.API.GrabMart.Store", "CK.Central.API.GrabMart.Store\CK.Central.API.GrabMart.Store.csproj", "{91D34876-2387-4CF3-BB40-9246C0ABC49C}"
EndProject
Project("{9A19103F-16F7-4668-BE54-9A1E7A4F7556}") = "CK.Central.API.GrabMart.Campaign", "CK.Central.API.GrabMart.Campaign\CK.Central.API.GrabMart.Campaign.csproj", "{290D1D26-7C4F-4201-8264-2A1E612AD0A1}"
EndProject
Project("{9A19103F-16F7-4668-BE54-9A1E7A4F7556}") = "CK.Central.API.GrabMart.Authorisation", "CK.Central.API.GrabMart.Authorisation\CK.Central.API.GrabMart.Authorisation.csproj", "{779DBF80-6D43-459C-AF0E-FA60DFC55AC0}"
EndProject
Project("{9A19103F-16F7-4668-BE54-9A1E7A4F7556}") = "CK.Central.API.GrabMart.Job", "CK.Central.API.GrabMart.Job\CK.Central.API.GrabMart.Job.csproj", "{E632FA44-CACE-47BB-A1FE-C0FC6E53A6EC}"
EndProject
Project("{2150E333-8FDC-42A3-9474-1A3956D46DE8}") = "CK.Central.GrabMart", "CK.Central.GrabMart", "{014D67F3-6733-4FDB-8B00-7AD3CDD711C4}"
EndProject
Project("{2150E333-8FDC-42A3-9474-1A3956D46DE8}") = "CK.Central.GrabMart.Authorisation", "CK.Central.GrabMart.Authorisation", "{41EB6BD0-DA91-40B3-A867-2CFAC1CDE66C}"
EndProject
Project("{2150E333-8FDC-42A3-9474-1A3956D46DE8}") = "CK.Central.GrabMart.Campaign", "CK.Central.GrabMart.Campaign", "{FB43B785-AEF1-4DDB-A382-2674E06FFD7D}"
EndProject
Project("{2150E333-8FDC-42A3-9474-1A3956D46DE8}") = "CK.Central.GrabMart.Job", "CK.Central.GrabMart.Job", "{664D474D-016D-4213-9358-9C08BA72D361}"
EndProject
Project("{2150E333-8FDC-42A3-9474-1A3956D46DE8}") = "CK.Central.GrabMart.Menu", "CK.Central.GrabMart.Menu", "{376EBD6B-B27C-43BD-BDC0-D8F333E17D7D}"
EndProject
Project("{2150E333-8FDC-42A3-9474-1A3956D46DE8}") = "CK.Central.GrabMart.Order", "CK.Central.GrabMart.Order", "{C17BE913-B436-4A9A-A5D9-07B9C529ECA5}"
EndProject
Project("{2150E333-8FDC-42A3-9474-1A3956D46DE8}") = "CK.Central.GrabMart.Store", "CK.Central.GrabMart.Store", "{06585CF5-3C4B-482B-9EAC-1B15A38F239B}"
EndProject
Project("{9A19103F-16F7-4668-BE54-9A1E7A4F7556}") = "CK.Central.Core.GrabMart.Authorisation", "CK.Central.Core.GrabMart.Authorisation\CK.Central.Core.GrabMart.Authorisation.csproj", "{2D958413-B0AD-4E09-ABBA-2EAF8C34E18C}"
EndProject
Project("{9A19103F-16F7-4668-BE54-9A1E7A4F7556}") = "CK.Central.Core.GrabMart.Campaign", "CK.Central.Core.GrabMart.Campaign\CK.Central.Core.GrabMart.Campaign.csproj", "{6BC79206-3B50-4062-9660-8A4265DD3F65}"
EndProject
Project("{9A19103F-16F7-4668-BE54-9A1E7A4F7556}") = "CK.Central.Core.GrabMart.Job", "CK.Central.Core.GrabMart.Job\CK.Central.Core.GrabMart.Job.csproj", "{E305DD53-87BE-4AE4-A934-FBEA840A02F1}"
EndProject
Project("{9A19103F-16F7-4668-BE54-9A1E7A4F7556}") = "CK.Central.Core.GrabMart.Menu", "CK.Central.Core.GrabMart.Menu\CK.Central.Core.GrabMart.Menu.csproj", "{73974D48-E995-430C-A434-650F09D865CF}"
EndProject
Project("{9A19103F-16F7-4668-BE54-9A1E7A4F7556}") = "CK.Central.Core.GrabMart.Order", "CK.Central.Core.GrabMart.Order\CK.Central.Core.GrabMart.Order.csproj", "{E6F37F80-8307-4433-93B4-4AC5365E240D}"
EndProject
Project("{9A19103F-16F7-4668-BE54-9A1E7A4F7556}") = "CK.Central.Core.GrabMart.Store", "CK.Central.Core.GrabMart.Store\CK.Central.Core.GrabMart.Store.csproj", "{60EBEB45-7F5A-48BC-89F6-0DF1DEFAADE5}"
EndProject
Project("{2150E333-8FDC-42A3-9474-1A3956D46DE8}") = "POS", "POS", "{4F45E3B1-E1A3-4550-AE9C-571E430C8520}"
EndProject
Project("{9A19103F-16F7-4668-BE54-9A1E7A4F7556}") = "CK.Central.Core.POS", "CK.Central.Core.POS\CK.Central.Core.POS.csproj", "{1F956763-1C75-4F6C-B58B-AEBAE4D18F48}"
EndProject
Project("{9A19103F-16F7-4668-BE54-9A1E7A4F7556}") = "CK.Central.API.POS", "CK.Central.API.POS\CK.Central.API.POS.csproj", "{24C477B4-2BD7-4ED9-B1C6-A7E17576F42A}"
EndProject
Project("{9A19103F-16F7-4668-BE54-9A1E7A4F7556}") = "CK.Central.API.CMS.Portal", "CK.Central.API.CMS.Portal\CK.Central.API.CMS.Portal.csproj", "{C47B703C-286F-4438-9003-02BD6A45DD3F}"
EndProject
Project("{9A19103F-16F7-4668-BE54-9A1E7A4F7556}") = "CK.Central.API.CMS.Job", "CK.Central.API.CMS.Job\CK.Central.API.CMS.Job.csproj", "{D3B6FC66-6D8F-4B3A-B6A8-6613CD9E8B5C}"
EndProject
Project("{2150E333-8FDC-42A3-9474-1A3956D46DE8}") = "CK.Central.CMS", "CK.Central.CMS", "{5B6F0552-D95E-49E8-B94B-635278FDEDE1}"
EndProject
Project("{2150E333-8FDC-42A3-9474-1A3956D46DE8}") = "CK.Central.CMS.Portal", "CK.Central.CMS.Portal", "{9EB85624-129A-4CFC-9322-19805610B8F2}"
EndProject
Project("{2150E333-8FDC-42A3-9474-1A3956D46DE8}") = "CK.Central.CMS.Job", "CK.Central.CMS.Job", "{D6B2347F-C255-42F8-BE0C-C7F819BCD4D0}"
EndProject
Project("{9A19103F-16F7-4668-BE54-9A1E7A4F7556}") = "CK.Central.Core.CMS.Job", "CK.Central.Core.CMS.Job\CK.Central.Core.CMS.Job.csproj", "{5822A566-2E43-43EA-8B99-6AFEE8088F9E}"
EndProject
Project("{9A19103F-16F7-4668-BE54-9A1E7A4F7556}") = "CK.Central.Core.CMS.Portal", "CK.Central.Core.CMS.Portal\CK.Central.Core.CMS.Portal.csproj", "{33FE0C7F-3E01-43E7-8422-94A22999D6B4}"
EndProject
Project("{2150E333-8FDC-42A3-9474-1A3956D46DE8}") = "CK.Central.POS", "CK.Central.POS", "{1BE8446C-B23B-4F69-9014-68D235263AA2}"
EndProject
Project("{2150E333-8FDC-42A3-9474-1A3956D46DE8}") = "CK.Central.POS.GrabMart.Stock", "CK.Central.POS.GrabMart.Stock", "{34A43217-3108-46B6-8372-9B4CAD7E38B6}"
EndProject
Project("{2150E333-8FDC-42A3-9474-1A3956D46DE8}") = "CK.Central.POS.GrabMart.Order", "CK.Central.POS.GrabMart.Order", "{11AFE13F-E544-4B65-8F62-970477066D07}"
EndProject
Project("{9A19103F-16F7-4668-BE54-9A1E7A4F7556}") = "CK.Central.Core.POS.GrabMart.Order", "CK.Central.Core.POS.GrabMart.Order\CK.Central.Core.POS.GrabMart.Order.csproj", "{329397D2-6AB1-4434-9D77-96C3C8D1DA43}"
EndProject
Project("{9A19103F-16F7-4668-BE54-9A1E7A4F7556}") = "CK.Central.Core.POS.GrabMart.Stock", "CK.Central.Core.POS.GrabMart.Stock\CK.Central.Core.POS.GrabMart.Stock.csproj", "{AF263128-F0BF-420D-B410-706D3F3948EC}"
EndProject
Project("{9A19103F-16F7-4668-BE54-9A1E7A4F7556}") = "CK.Central.API.POS.GrabMart.Order", "CK.Central.API.POS.GrabMart.Order\CK.Central.API.POS.GrabMart.Order.csproj", "{5E41E70E-B662-4542-8565-3D159807E1AE}"
EndProject
Project("{9A19103F-16F7-4668-BE54-9A1E7A4F7556}") = "CK.Central.API.POS.GrabMart.Stock", "CK.Central.API.POS.GrabMart.Stock\CK.Central.API.POS.GrabMart.Stock.csproj", "{C97BF8CE-DD4F-46A9-A347-6A695F41419B}"
EndProject
Project("{2150E333-8FDC-42A3-9474-1A3956D46DE8}") = "CK.Central.CMS.MasterData", "CK.Central.CMS.MasterData", "{2BD55493-CA02-49BC-AD85-2BBAD91ACC62}"
EndProject
Project("{9A19103F-16F7-4668-BE54-9A1E7A4F7556}") = "CK.Central.Core.CMS.MasterData", "CK.Central.Core.CMS.MasterData\CK.Central.Core.CMS.MasterData.csproj", "{8B2CAC51-72FF-4CD7-B4A6-8CC3588CE4F6}"
EndProject
Project("{9A19103F-16F7-4668-BE54-9A1E7A4F7556}") = "CK.Central.API.CMS.MasterData", "CK.Central.API.CMS.MasterData\CK.Central.API.CMS.MasterData.csproj", "{D82F7C1F-DD4C-4DD6-9695-AD47C1392044}"
EndProject
Project("{2150E333-8FDC-42A3-9474-1A3956D46DE8}") = "CK.Central.CMS.HealthCheck", "CK.Central.CMS.HealthCheck", "{8D96D7AF-60F3-43AB-BC0A-2DE7B532839A}"
EndProject
Project("{2150E333-8FDC-42A3-9474-1A3956D46DE8}") = "CK.Central.GrabMart.HealthCheck", "CK.Central.GrabMart.HealthCheck", "{22233214-8305-4094-B632-DD0C26A785C1}"
EndProject
Project("{9A19103F-16F7-4668-BE54-9A1E7A4F7556}") = "CK.Central.Core.CMS.HealthCheck", "CK.Central.Core.CMS.HealthCheck\CK.Central.Core.CMS.HealthCheck.csproj", "{13114923-5ACC-47CD-AC86-2DFDB136DFB8}"
EndProject
Project("{9A19103F-16F7-4668-BE54-9A1E7A4F7556}") = "CK.Central.API.CMS.HealthCheck", "CK.Central.API.CMS.HealthCheck\CK.Central.API.CMS.HealthCheck.csproj", "{DDF1E935-0115-4D0D-8C1E-BEDB1DDFDF3D}"
EndProject
Project("{9A19103F-16F7-4668-BE54-9A1E7A4F7556}") = "CK.Central.API.GrabMart.HealthCheck", "CK.Central.API.GrabMart.HealthCheck\CK.Central.API.GrabMart.HealthCheck.csproj", "{B92D68DB-5357-424B-A9E0-3275A6993E0C}"
EndProject
Project("{9A19103F-16F7-4668-BE54-9A1E7A4F7556}") = "CK.Central.Core.Domain", "CK.Central.Core.Domain\CK.Central.Core.Domain.csproj", "{9D094FCB-8DF7-45C1-BFD1-33313CA435B1}"
EndProject
Project("{2150E333-8FDC-42A3-9474-1A3956D46DE8}") = "CK.Central.CMS.Generate", "CK.Central.CMS.Generate", "{D6521F18-983B-43F2-87A8-0D178CA8B7F5}"
EndProject
Project("{9A19103F-16F7-4668-BE54-9A1E7A4F7556}") = "CK.Central.Core.CMS.Generate", "CK.Central.Core.CMS.Generate\CK.Central.Core.CMS.Generate.csproj", "{9E766720-2E98-471E-90F6-BDC8B8C17A04}"
EndProject
Project("{9A19103F-16F7-4668-BE54-9A1E7A4F7556}") = "CK.Central.API.CMS.Generate", "CK.Central.API.CMS.Generate\CK.Central.API.CMS.Generate.csproj", "{65320BFD-C29D-403D-BED8-FC02477EFD27}"
EndProject
Project("{2150E333-8FDC-42A3-9474-1A3956D46DE8}") = "CK.Central.POS.HealthCheck", "CK.Central.POS.HealthCheck", "{FAE0AD99-1069-4011-8084-F49882B984BF}"
EndProject
Project("{2150E333-8FDC-42A3-9474-1A3956D46DE8}") = "CK.Central.POS.Job", "CK.Central.POS.Job", "{B01CA1D1-0BB5-469A-97EF-755ECBDD548A}"
EndProject
Project("{9A19103F-16F7-4668-BE54-9A1E7A4F7556}") = "CK.Central.Core.POS.HealthCheck", "CK.Central.Core.POS.HealthCheck\CK.Central.Core.POS.HealthCheck.csproj", "{C41911AB-C915-4641-8E35-C5A814D4406A}"
EndProject
Project("{9A19103F-16F7-4668-BE54-9A1E7A4F7556}") = "CK.Central.API.POS.HealthCheck", "CK.Central.API.POS.HealthCheck\CK.Central.API.POS.HealthCheck.csproj", "{12D607D2-921C-4488-9100-C4C2F55DEBF1}"
EndProject
Project("{9A19103F-16F7-4668-BE54-9A1E7A4F7556}") = "CK.Central.Core.POS.Job", "CK.Central.Core.POS.Job\CK.Central.Core.POS.Job.csproj", "{AC7C9AC1-D1F5-4947-83BF-953DB71723F3}"
EndProject
Project("{9A19103F-16F7-4668-BE54-9A1E7A4F7556}") = "CK.Central.Core.GrabMart.HealthCheck", "CK.Central.Core.GrabMart.HealthCheck\CK.Central.Core.GrabMart.HealthCheck.csproj", "{11DB126D-700D-432D-869E-71D2177841A8}"
EndProject
Project("{9A19103F-16F7-4668-BE54-9A1E7A4F7556}") = "CK.Central.API.POS.Job", "CK.Central.API.POS.Job\CK.Central.API.POS.Job.csproj", "{031A6F36-7FC6-414C-8386-770E0F838D92}"
EndProject
Project("{2150E333-8FDC-42A3-9474-1A3956D46DE8}") = "CK.Central.CMS.Auth", "CK.Central.CMS.Auth", "{15B8B9C8-E602-40B1-8302-AE6F26C17BA8}"
EndProject
Project("{9A19103F-16F7-4668-BE54-9A1E7A4F7556}") = "CK.Central.Core.CMS.Auth", "CK.Central.Core.CMS.Auth\CK.Central.Core.CMS.Auth.csproj", "{E7ADAC6E-987C-4556-855F-F6A55EC2E2C0}"
EndProject
Project("{9A19103F-16F7-4668-BE54-9A1E7A4F7556}") = "CK.Central.API.CMS.Auth", "CK.Central.API.CMS.Auth\CK.Central.API.CMS.Auth.csproj", "{B8B8065D-25FB-4F1E-AB6D-332BE5D9D300}"
EndProject
Global
	GlobalSection(SolutionConfigurationPlatforms) = preSolution
		Debug|Any CPU = Debug|Any CPU
		Release|Any CPU = Release|Any CPU
	EndGlobalSection
	GlobalSection(ProjectConfigurationPlatforms) = postSolution
		{1B405E9A-D002-4B47-B4C7-378F5F34F3B0}.Debug|Any CPU.ActiveCfg = Debug|Any CPU
		{1B405E9A-D002-4B47-B4C7-378F5F34F3B0}.Debug|Any CPU.Build.0 = Debug|Any CPU
		{1B405E9A-D002-4B47-B4C7-378F5F34F3B0}.Release|Any CPU.ActiveCfg = Release|Any CPU
		{1B405E9A-D002-4B47-B4C7-378F5F34F3B0}.Release|Any CPU.Build.0 = Release|Any CPU
		{15991194-2990-430A-B8E7-3A20B6AC8F08}.Debug|Any CPU.ActiveCfg = Debug|Any CPU
		{15991194-2990-430A-B8E7-3A20B6AC8F08}.Debug|Any CPU.Build.0 = Debug|Any CPU
		{15991194-2990-430A-B8E7-3A20B6AC8F08}.Release|Any CPU.ActiveCfg = Release|Any CPU
		{15991194-2990-430A-B8E7-3A20B6AC8F08}.Release|Any CPU.Build.0 = Release|Any CPU
		{A2B18AEA-09EE-48A0-953C-3659CA361BF7}.Debug|Any CPU.ActiveCfg = Debug|Any CPU
		{A2B18AEA-09EE-48A0-953C-3659CA361BF7}.Debug|Any CPU.Build.0 = Debug|Any CPU
		{A2B18AEA-09EE-48A0-953C-3659CA361BF7}.Release|Any CPU.ActiveCfg = Release|Any CPU
		{A2B18AEA-09EE-48A0-953C-3659CA361BF7}.Release|Any CPU.Build.0 = Release|Any CPU
		{782AF962-00FE-432F-BE48-550B09D37EA7}.Debug|Any CPU.ActiveCfg = Debug|Any CPU
		{782AF962-00FE-432F-BE48-550B09D37EA7}.Debug|Any CPU.Build.0 = Debug|Any CPU
		{782AF962-00FE-432F-BE48-550B09D37EA7}.Release|Any CPU.ActiveCfg = Release|Any CPU
		{782AF962-00FE-432F-BE48-550B09D37EA7}.Release|Any CPU.Build.0 = Release|Any CPU
		{60952737-ACA5-4B67-837F-F23F90404C66}.Debug|Any CPU.ActiveCfg = Debug|Any CPU
		{60952737-ACA5-4B67-837F-F23F90404C66}.Debug|Any CPU.Build.0 = Debug|Any CPU
		{60952737-ACA5-4B67-837F-F23F90404C66}.Release|Any CPU.ActiveCfg = Release|Any CPU
		{60952737-ACA5-4B67-837F-F23F90404C66}.Release|Any CPU.Build.0 = Release|Any CPU
		{790AE326-13BC-4874-9AF7-C48ADD23B1D3}.Debug|Any CPU.ActiveCfg = Debug|Any CPU
		{790AE326-13BC-4874-9AF7-C48ADD23B1D3}.Debug|Any CPU.Build.0 = Debug|Any CPU
		{790AE326-13BC-4874-9AF7-C48ADD23B1D3}.Release|Any CPU.ActiveCfg = Release|Any CPU
		{790AE326-13BC-4874-9AF7-C48ADD23B1D3}.Release|Any CPU.Build.0 = Release|Any CPU
		{8D236BD6-75D1-4890-BD34-11B0EF48E252}.Debug|Any CPU.ActiveCfg = Debug|Any CPU
		{8D236BD6-75D1-4890-BD34-11B0EF48E252}.Debug|Any CPU.Build.0 = Debug|Any CPU
		{8D236BD6-75D1-4890-BD34-11B0EF48E252}.Release|Any CPU.ActiveCfg = Release|Any CPU
		{8D236BD6-75D1-4890-BD34-11B0EF48E252}.Release|Any CPU.Build.0 = Release|Any CPU
		{36DB4C7B-D3A1-456F-9571-58AFB8F4F2B3}.Debug|Any CPU.ActiveCfg = Debug|Any CPU
		{36DB4C7B-D3A1-456F-9571-58AFB8F4F2B3}.Debug|Any CPU.Build.0 = Debug|Any CPU
		{36DB4C7B-D3A1-456F-9571-58AFB8F4F2B3}.Release|Any CPU.ActiveCfg = Release|Any CPU
		{36DB4C7B-D3A1-456F-9571-58AFB8F4F2B3}.Release|Any CPU.Build.0 = Release|Any CPU
		{EE89D48C-B4BD-4371-948E-0FD9FF963EDF}.Debug|Any CPU.ActiveCfg = Debug|Any CPU
		{EE89D48C-B4BD-4371-948E-0FD9FF963EDF}.Debug|Any CPU.Build.0 = Debug|Any CPU
		{EE89D48C-B4BD-4371-948E-0FD9FF963EDF}.Release|Any CPU.ActiveCfg = Release|Any CPU
		{EE89D48C-B4BD-4371-948E-0FD9FF963EDF}.Release|Any CPU.Build.0 = Release|Any CPU
		{91D34876-2387-4CF3-BB40-9246C0ABC49C}.Debug|Any CPU.ActiveCfg = Debug|Any CPU
		{91D34876-2387-4CF3-BB40-9246C0ABC49C}.Debug|Any CPU.Build.0 = Debug|Any CPU
		{91D34876-2387-4CF3-BB40-9246C0ABC49C}.Release|Any CPU.ActiveCfg = Release|Any CPU
		{91D34876-2387-4CF3-BB40-9246C0ABC49C}.Release|Any CPU.Build.0 = Release|Any CPU
		{290D1D26-7C4F-4201-8264-2A1E612AD0A1}.Debug|Any CPU.ActiveCfg = Debug|Any CPU
		{290D1D26-7C4F-4201-8264-2A1E612AD0A1}.Debug|Any CPU.Build.0 = Debug|Any CPU
		{290D1D26-7C4F-4201-8264-2A1E612AD0A1}.Release|Any CPU.ActiveCfg = Release|Any CPU
		{290D1D26-7C4F-4201-8264-2A1E612AD0A1}.Release|Any CPU.Build.0 = Release|Any CPU
		{779DBF80-6D43-459C-AF0E-FA60DFC55AC0}.Debug|Any CPU.ActiveCfg = Debug|Any CPU
		{779DBF80-6D43-459C-AF0E-FA60DFC55AC0}.Debug|Any CPU.Build.0 = Debug|Any CPU
		{779DBF80-6D43-459C-AF0E-FA60DFC55AC0}.Release|Any CPU.ActiveCfg = Release|Any CPU
		{779DBF80-6D43-459C-AF0E-FA60DFC55AC0}.Release|Any CPU.Build.0 = Release|Any CPU
		{E632FA44-CACE-47BB-A1FE-C0FC6E53A6EC}.Debug|Any CPU.ActiveCfg = Debug|Any CPU
		{E632FA44-CACE-47BB-A1FE-C0FC6E53A6EC}.Debug|Any CPU.Build.0 = Debug|Any CPU
		{E632FA44-CACE-47BB-A1FE-C0FC6E53A6EC}.Release|Any CPU.ActiveCfg = Release|Any CPU
		{E632FA44-CACE-47BB-A1FE-C0FC6E53A6EC}.Release|Any CPU.Build.0 = Release|Any CPU
		{2D958413-B0AD-4E09-ABBA-2EAF8C34E18C}.Debug|Any CPU.ActiveCfg = Debug|Any CPU
		{2D958413-B0AD-4E09-ABBA-2EAF8C34E18C}.Debug|Any CPU.Build.0 = Debug|Any CPU
		{2D958413-B0AD-4E09-ABBA-2EAF8C34E18C}.Release|Any CPU.ActiveCfg = Release|Any CPU
		{2D958413-B0AD-4E09-ABBA-2EAF8C34E18C}.Release|Any CPU.Build.0 = Release|Any CPU
		{6BC79206-3B50-4062-9660-8A4265DD3F65}.Debug|Any CPU.ActiveCfg = Debug|Any CPU
		{6BC79206-3B50-4062-9660-8A4265DD3F65}.Debug|Any CPU.Build.0 = Debug|Any CPU
		{6BC79206-3B50-4062-9660-8A4265DD3F65}.Release|Any CPU.ActiveCfg = Release|Any CPU
		{6BC79206-3B50-4062-9660-8A4265DD3F65}.Release|Any CPU.Build.0 = Release|Any CPU
		{E305DD53-87BE-4AE4-A934-FBEA840A02F1}.Debug|Any CPU.ActiveCfg = Debug|Any CPU
		{E305DD53-87BE-4AE4-A934-FBEA840A02F1}.Debug|Any CPU.Build.0 = Debug|Any CPU
		{E305DD53-87BE-4AE4-A934-FBEA840A02F1}.Release|Any CPU.ActiveCfg = Release|Any CPU
		{E305DD53-87BE-4AE4-A934-FBEA840A02F1}.Release|Any CPU.Build.0 = Release|Any CPU
		{73974D48-E995-430C-A434-650F09D865CF}.Debug|Any CPU.ActiveCfg = Debug|Any CPU
		{73974D48-E995-430C-A434-650F09D865CF}.Debug|Any CPU.Build.0 = Debug|Any CPU
		{73974D48-E995-430C-A434-650F09D865CF}.Release|Any CPU.ActiveCfg = Release|Any CPU
		{73974D48-E995-430C-A434-650F09D865CF}.Release|Any CPU.Build.0 = Release|Any CPU
		{E6F37F80-8307-4433-93B4-4AC5365E240D}.Debug|Any CPU.ActiveCfg = Debug|Any CPU
		{E6F37F80-8307-4433-93B4-4AC5365E240D}.Debug|Any CPU.Build.0 = Debug|Any CPU
		{E6F37F80-8307-4433-93B4-4AC5365E240D}.Release|Any CPU.ActiveCfg = Release|Any CPU
		{E6F37F80-8307-4433-93B4-4AC5365E240D}.Release|Any CPU.Build.0 = Release|Any CPU
		{60EBEB45-7F5A-48BC-89F6-0DF1DEFAADE5}.Debug|Any CPU.ActiveCfg = Debug|Any CPU
		{60EBEB45-7F5A-48BC-89F6-0DF1DEFAADE5}.Debug|Any CPU.Build.0 = Debug|Any CPU
		{60EBEB45-7F5A-48BC-89F6-0DF1DEFAADE5}.Release|Any CPU.ActiveCfg = Release|Any CPU
		{60EBEB45-7F5A-48BC-89F6-0DF1DEFAADE5}.Release|Any CPU.Build.0 = Release|Any CPU
		{1F956763-1C75-4F6C-B58B-AEBAE4D18F48}.Debug|Any CPU.ActiveCfg = Debug|Any CPU
		{1F956763-1C75-4F6C-B58B-AEBAE4D18F48}.Debug|Any CPU.Build.0 = Debug|Any CPU
		{1F956763-1C75-4F6C-B58B-AEBAE4D18F48}.Release|Any CPU.ActiveCfg = Release|Any CPU
		{1F956763-1C75-4F6C-B58B-AEBAE4D18F48}.Release|Any CPU.Build.0 = Release|Any CPU
		{24C477B4-2BD7-4ED9-B1C6-A7E17576F42A}.Debug|Any CPU.ActiveCfg = Debug|Any CPU
		{24C477B4-2BD7-4ED9-B1C6-A7E17576F42A}.Debug|Any CPU.Build.0 = Debug|Any CPU
		{24C477B4-2BD7-4ED9-B1C6-A7E17576F42A}.Release|Any CPU.ActiveCfg = Release|Any CPU
		{24C477B4-2BD7-4ED9-B1C6-A7E17576F42A}.Release|Any CPU.Build.0 = Release|Any CPU
		{C47B703C-286F-4438-9003-02BD6A45DD3F}.Debug|Any CPU.ActiveCfg = Debug|Any CPU
		{C47B703C-286F-4438-9003-02BD6A45DD3F}.Debug|Any CPU.Build.0 = Debug|Any CPU
		{C47B703C-286F-4438-9003-02BD6A45DD3F}.Release|Any CPU.ActiveCfg = Release|Any CPU
		{C47B703C-286F-4438-9003-02BD6A45DD3F}.Release|Any CPU.Build.0 = Release|Any CPU
		{D3B6FC66-6D8F-4B3A-B6A8-6613CD9E8B5C}.Debug|Any CPU.ActiveCfg = Debug|Any CPU
		{D3B6FC66-6D8F-4B3A-B6A8-6613CD9E8B5C}.Debug|Any CPU.Build.0 = Debug|Any CPU
		{D3B6FC66-6D8F-4B3A-B6A8-6613CD9E8B5C}.Release|Any CPU.ActiveCfg = Release|Any CPU
		{D3B6FC66-6D8F-4B3A-B6A8-6613CD9E8B5C}.Release|Any CPU.Build.0 = Release|Any CPU
		{5822A566-2E43-43EA-8B99-6AFEE8088F9E}.Debug|Any CPU.ActiveCfg = Debug|Any CPU
		{5822A566-2E43-43EA-8B99-6AFEE8088F9E}.Debug|Any CPU.Build.0 = Debug|Any CPU
		{5822A566-2E43-43EA-8B99-6AFEE8088F9E}.Release|Any CPU.ActiveCfg = Release|Any CPU
		{5822A566-2E43-43EA-8B99-6AFEE8088F9E}.Release|Any CPU.Build.0 = Release|Any CPU
		{33FE0C7F-3E01-43E7-8422-94A22999D6B4}.Debug|Any CPU.ActiveCfg = Debug|Any CPU
		{33FE0C7F-3E01-43E7-8422-94A22999D6B4}.Debug|Any CPU.Build.0 = Debug|Any CPU
		{33FE0C7F-3E01-43E7-8422-94A22999D6B4}.Release|Any CPU.ActiveCfg = Release|Any CPU
		{33FE0C7F-3E01-43E7-8422-94A22999D6B4}.Release|Any CPU.Build.0 = Release|Any CPU
		{329397D2-6AB1-4434-9D77-96C3C8D1DA43}.Debug|Any CPU.ActiveCfg = Debug|Any CPU
		{329397D2-6AB1-4434-9D77-96C3C8D1DA43}.Debug|Any CPU.Build.0 = Debug|Any CPU
		{329397D2-6AB1-4434-9D77-96C3C8D1DA43}.Release|Any CPU.ActiveCfg = Release|Any CPU
		{329397D2-6AB1-4434-9D77-96C3C8D1DA43}.Release|Any CPU.Build.0 = Release|Any CPU
		{AF263128-F0BF-420D-B410-706D3F3948EC}.Debug|Any CPU.ActiveCfg = Debug|Any CPU
		{AF263128-F0BF-420D-B410-706D3F3948EC}.Debug|Any CPU.Build.0 = Debug|Any CPU
		{AF263128-F0BF-420D-B410-706D3F3948EC}.Release|Any CPU.ActiveCfg = Release|Any CPU
		{AF263128-F0BF-420D-B410-706D3F3948EC}.Release|Any CPU.Build.0 = Release|Any CPU
		{5E41E70E-B662-4542-8565-3D159807E1AE}.Debug|Any CPU.ActiveCfg = Debug|Any CPU
		{5E41E70E-B662-4542-8565-3D159807E1AE}.Debug|Any CPU.Build.0 = Debug|Any CPU
		{5E41E70E-B662-4542-8565-3D159807E1AE}.Release|Any CPU.ActiveCfg = Release|Any CPU
		{5E41E70E-B662-4542-8565-3D159807E1AE}.Release|Any CPU.Build.0 = Release|Any CPU
		{C97BF8CE-DD4F-46A9-A347-6A695F41419B}.Debug|Any CPU.ActiveCfg = Debug|Any CPU
		{C97BF8CE-DD4F-46A9-A347-6A695F41419B}.Debug|Any CPU.Build.0 = Debug|Any CPU
		{C97BF8CE-DD4F-46A9-A347-6A695F41419B}.Release|Any CPU.ActiveCfg = Release|Any CPU
		{C97BF8CE-DD4F-46A9-A347-6A695F41419B}.Release|Any CPU.Build.0 = Release|Any CPU
		{8B2CAC51-72FF-4CD7-B4A6-8CC3588CE4F6}.Debug|Any CPU.ActiveCfg = Debug|Any CPU
		{8B2CAC51-72FF-4CD7-B4A6-8CC3588CE4F6}.Debug|Any CPU.Build.0 = Debug|Any CPU
		{8B2CAC51-72FF-4CD7-B4A6-8CC3588CE4F6}.Release|Any CPU.ActiveCfg = Release|Any CPU
		{8B2CAC51-72FF-4CD7-B4A6-8CC3588CE4F6}.Release|Any CPU.Build.0 = Release|Any CPU
		{D82F7C1F-DD4C-4DD6-9695-AD47C1392044}.Debug|Any CPU.ActiveCfg = Debug|Any CPU
		{D82F7C1F-DD4C-4DD6-9695-AD47C1392044}.Debug|Any CPU.Build.0 = Debug|Any CPU
		{D82F7C1F-DD4C-4DD6-9695-AD47C1392044}.Release|Any CPU.ActiveCfg = Release|Any CPU
		{D82F7C1F-DD4C-4DD6-9695-AD47C1392044}.Release|Any CPU.Build.0 = Release|Any CPU
		{13114923-5ACC-47CD-AC86-2DFDB136DFB8}.Debug|Any CPU.ActiveCfg = Debug|Any CPU
		{13114923-5ACC-47CD-AC86-2DFDB136DFB8}.Debug|Any CPU.Build.0 = Debug|Any CPU
		{13114923-5ACC-47CD-AC86-2DFDB136DFB8}.Release|Any CPU.ActiveCfg = Release|Any CPU
		{13114923-5ACC-47CD-AC86-2DFDB136DFB8}.Release|Any CPU.Build.0 = Release|Any CPU
		{DDF1E935-0115-4D0D-8C1E-BEDB1DDFDF3D}.Debug|Any CPU.ActiveCfg = Debug|Any CPU
		{DDF1E935-0115-4D0D-8C1E-BEDB1DDFDF3D}.Debug|Any CPU.Build.0 = Debug|Any CPU
		{DDF1E935-0115-4D0D-8C1E-BEDB1DDFDF3D}.Release|Any CPU.ActiveCfg = Release|Any CPU
		{DDF1E935-0115-4D0D-8C1E-BEDB1DDFDF3D}.Release|Any CPU.Build.0 = Release|Any CPU
		{B92D68DB-5357-424B-A9E0-3275A6993E0C}.Debug|Any CPU.ActiveCfg = Debug|Any CPU
		{B92D68DB-5357-424B-A9E0-3275A6993E0C}.Debug|Any CPU.Build.0 = Debug|Any CPU
		{B92D68DB-5357-424B-A9E0-3275A6993E0C}.Release|Any CPU.ActiveCfg = Release|Any CPU
		{B92D68DB-5357-424B-A9E0-3275A6993E0C}.Release|Any CPU.Build.0 = Release|Any CPU
		{9D094FCB-8DF7-45C1-BFD1-33313CA435B1}.Debug|Any CPU.ActiveCfg = Debug|Any CPU
		{9D094FCB-8DF7-45C1-BFD1-33313CA435B1}.Debug|Any CPU.Build.0 = Debug|Any CPU
		{9D094FCB-8DF7-45C1-BFD1-33313CA435B1}.Release|Any CPU.ActiveCfg = Release|Any CPU
		{9D094FCB-8DF7-45C1-BFD1-33313CA435B1}.Release|Any CPU.Build.0 = Release|Any CPU
		{9E766720-2E98-471E-90F6-BDC8B8C17A04}.Debug|Any CPU.ActiveCfg = Debug|Any CPU
		{9E766720-2E98-471E-90F6-BDC8B8C17A04}.Debug|Any CPU.Build.0 = Debug|Any CPU
		{9E766720-2E98-471E-90F6-BDC8B8C17A04}.Release|Any CPU.ActiveCfg = Release|Any CPU
		{9E766720-2E98-471E-90F6-BDC8B8C17A04}.Release|Any CPU.Build.0 = Release|Any CPU
		{65320BFD-C29D-403D-BED8-FC02477EFD27}.Debug|Any CPU.ActiveCfg = Debug|Any CPU
		{65320BFD-C29D-403D-BED8-FC02477EFD27}.Debug|Any CPU.Build.0 = Debug|Any CPU
		{65320BFD-C29D-403D-BED8-FC02477EFD27}.Release|Any CPU.ActiveCfg = Release|Any CPU
		{65320BFD-C29D-403D-BED8-FC02477EFD27}.Release|Any CPU.Build.0 = Release|Any CPU
		{C41911AB-C915-4641-8E35-C5A814D4406A}.Debug|Any CPU.ActiveCfg = Debug|Any CPU
		{C41911AB-C915-4641-8E35-C5A814D4406A}.Debug|Any CPU.Build.0 = Debug|Any CPU
		{C41911AB-C915-4641-8E35-C5A814D4406A}.Release|Any CPU.ActiveCfg = Release|Any CPU
		{C41911AB-C915-4641-8E35-C5A814D4406A}.Release|Any CPU.Build.0 = Release|Any CPU
		{12D607D2-921C-4488-9100-C4C2F55DEBF1}.Debug|Any CPU.ActiveCfg = Debug|Any CPU
		{12D607D2-921C-4488-9100-C4C2F55DEBF1}.Debug|Any CPU.Build.0 = Debug|Any CPU
		{12D607D2-921C-4488-9100-C4C2F55DEBF1}.Release|Any CPU.ActiveCfg = Release|Any CPU
		{12D607D2-921C-4488-9100-C4C2F55DEBF1}.Release|Any CPU.Build.0 = Release|Any CPU
		{AC7C9AC1-D1F5-4947-83BF-953DB71723F3}.Debug|Any CPU.ActiveCfg = Debug|Any CPU
		{AC7C9AC1-D1F5-4947-83BF-953DB71723F3}.Debug|Any CPU.Build.0 = Debug|Any CPU
		{AC7C9AC1-D1F5-4947-83BF-953DB71723F3}.Release|Any CPU.ActiveCfg = Release|Any CPU
		{AC7C9AC1-D1F5-4947-83BF-953DB71723F3}.Release|Any CPU.Build.0 = Release|Any CPU
		{11DB126D-700D-432D-869E-71D2177841A8}.Debug|Any CPU.ActiveCfg = Debug|Any CPU
		{11DB126D-700D-432D-869E-71D2177841A8}.Debug|Any CPU.Build.0 = Debug|Any CPU
		{11DB126D-700D-432D-869E-71D2177841A8}.Release|Any CPU.ActiveCfg = Release|Any CPU
		{11DB126D-700D-432D-869E-71D2177841A8}.Release|Any CPU.Build.0 = Release|Any CPU
		{031A6F36-7FC6-414C-8386-770E0F838D92}.Debug|Any CPU.ActiveCfg = Debug|Any CPU
		{031A6F36-7FC6-414C-8386-770E0F838D92}.Debug|Any CPU.Build.0 = Debug|Any CPU
		{031A6F36-7FC6-414C-8386-770E0F838D92}.Release|Any CPU.ActiveCfg = Release|Any CPU
		{031A6F36-7FC6-414C-8386-770E0F838D92}.Release|Any CPU.Build.0 = Release|Any CPU
		{E7ADAC6E-987C-4556-855F-F6A55EC2E2C0}.Debug|Any CPU.ActiveCfg = Debug|Any CPU
		{E7ADAC6E-987C-4556-855F-F6A55EC2E2C0}.Debug|Any CPU.Build.0 = Debug|Any CPU
		{E7ADAC6E-987C-4556-855F-F6A55EC2E2C0}.Release|Any CPU.ActiveCfg = Release|Any CPU
		{E7ADAC6E-987C-4556-855F-F6A55EC2E2C0}.Release|Any CPU.Build.0 = Release|Any CPU
		{B8B8065D-25FB-4F1E-AB6D-332BE5D9D300}.Debug|Any CPU.ActiveCfg = Debug|Any CPU
		{B8B8065D-25FB-4F1E-AB6D-332BE5D9D300}.Debug|Any CPU.Build.0 = Debug|Any CPU
		{B8B8065D-25FB-4F1E-AB6D-332BE5D9D300}.Release|Any CPU.ActiveCfg = Release|Any CPU
		{B8B8065D-25FB-4F1E-AB6D-332BE5D9D300}.Release|Any CPU.Build.0 = Release|Any CPU
	EndGlobalSection
	GlobalSection(SolutionProperties) = preSolution
		HideSolutionNode = FALSE
	EndGlobalSection
	GlobalSection(NestedProjects) = preSolution
		{15991194-2990-430A-B8E7-3A20B6AC8F08} = {014D67F3-6733-4FDB-8B00-7AD3CDD711C4}
		{A2B18AEA-09EE-48A0-953C-3659CA361BF7} = {014D67F3-6733-4FDB-8B00-7AD3CDD711C4}
		{790AE326-13BC-4874-9AF7-C48ADD23B1D3} = {5B6F0552-D95E-49E8-B94B-635278FDEDE1}
		{8D236BD6-75D1-4890-BD34-11B0EF48E252} = {5B6F0552-D95E-49E8-B94B-635278FDEDE1}
		{36DB4C7B-D3A1-456F-9571-58AFB8F4F2B3} = {376EBD6B-B27C-43BD-BDC0-D8F333E17D7D}
		{EE89D48C-B4BD-4371-948E-0FD9FF963EDF} = {C17BE913-B436-4A9A-A5D9-07B9C529ECA5}
		{91D34876-2387-4CF3-BB40-9246C0ABC49C} = {06585CF5-3C4B-482B-9EAC-1B15A38F239B}
		{290D1D26-7C4F-4201-8264-2A1E612AD0A1} = {FB43B785-AEF1-4DDB-A382-2674E06FFD7D}
		{779DBF80-6D43-459C-AF0E-FA60DFC55AC0} = {41EB6BD0-DA91-40B3-A867-2CFAC1CDE66C}
		{E632FA44-CACE-47BB-A1FE-C0FC6E53A6EC} = {664D474D-016D-4213-9358-9C08BA72D361}
		{014D67F3-6733-4FDB-8B00-7AD3CDD711C4} = {911549F5-F68C-44D0-A876-B2AFBFBDA2AE}
		{41EB6BD0-DA91-40B3-A867-2CFAC1CDE66C} = {911549F5-F68C-44D0-A876-B2AFBFBDA2AE}
		{FB43B785-AEF1-4DDB-A382-2674E06FFD7D} = {911549F5-F68C-44D0-A876-B2AFBFBDA2AE}
		{664D474D-016D-4213-9358-9C08BA72D361} = {911549F5-F68C-44D0-A876-B2AFBFBDA2AE}
		{376EBD6B-B27C-43BD-BDC0-D8F333E17D7D} = {911549F5-F68C-44D0-A876-B2AFBFBDA2AE}
		{C17BE913-B436-4A9A-A5D9-07B9C529ECA5} = {911549F5-F68C-44D0-A876-B2AFBFBDA2AE}
		{06585CF5-3C4B-482B-9EAC-1B15A38F239B} = {911549F5-F68C-44D0-A876-B2AFBFBDA2AE}
		{2D958413-B0AD-4E09-ABBA-2EAF8C34E18C} = {41EB6BD0-DA91-40B3-A867-2CFAC1CDE66C}
		{6BC79206-3B50-4062-9660-8A4265DD3F65} = {FB43B785-AEF1-4DDB-A382-2674E06FFD7D}
		{E305DD53-87BE-4AE4-A934-FBEA840A02F1} = {664D474D-016D-4213-9358-9C08BA72D361}
		{73974D48-E995-430C-A434-650F09D865CF} = {376EBD6B-B27C-43BD-BDC0-D8F333E17D7D}
		{E6F37F80-8307-4433-93B4-4AC5365E240D} = {C17BE913-B436-4A9A-A5D9-07B9C529ECA5}
		{60EBEB45-7F5A-48BC-89F6-0DF1DEFAADE5} = {06585CF5-3C4B-482B-9EAC-1B15A38F239B}
		{1F956763-1C75-4F6C-B58B-AEBAE4D18F48} = {1BE8446C-B23B-4F69-9014-68D235263AA2}
		{24C477B4-2BD7-4ED9-B1C6-A7E17576F42A} = {1BE8446C-B23B-4F69-9014-68D235263AA2}
		{C47B703C-286F-4438-9003-02BD6A45DD3F} = {9EB85624-129A-4CFC-9322-19805610B8F2}
		{D3B6FC66-6D8F-4B3A-B6A8-6613CD9E8B5C} = {D6B2347F-C255-42F8-BE0C-C7F819BCD4D0}
		{5B6F0552-D95E-49E8-B94B-635278FDEDE1} = {0F6AAF9A-DAA9-4DAC-B8C8-7A3797A705BF}
		{9EB85624-129A-4CFC-9322-19805610B8F2} = {0F6AAF9A-DAA9-4DAC-B8C8-7A3797A705BF}
		{D6B2347F-C255-42F8-BE0C-C7F819BCD4D0} = {0F6AAF9A-DAA9-4DAC-B8C8-7A3797A705BF}
		{5822A566-2E43-43EA-8B99-6AFEE8088F9E} = {D6B2347F-C255-42F8-BE0C-C7F819BCD4D0}
		{33FE0C7F-3E01-43E7-8422-94A22999D6B4} = {9EB85624-129A-4CFC-9322-19805610B8F2}
		{1BE8446C-B23B-4F69-9014-68D235263AA2} = {4F45E3B1-E1A3-4550-AE9C-571E430C8520}
		{34A43217-3108-46B6-8372-9B4CAD7E38B6} = {4F45E3B1-E1A3-4550-AE9C-571E430C8520}
		{11AFE13F-E544-4B65-8F62-970477066D07} = {4F45E3B1-E1A3-4550-AE9C-571E430C8520}
		{329397D2-6AB1-4434-9D77-96C3C8D1DA43} = {11AFE13F-E544-4B65-8F62-970477066D07}
		{AF263128-F0BF-420D-B410-706D3F3948EC} = {34A43217-3108-46B6-8372-9B4CAD7E38B6}
		{5E41E70E-B662-4542-8565-3D159807E1AE} = {11AFE13F-E544-4B65-8F62-970477066D07}
		{C97BF8CE-DD4F-46A9-A347-6A695F41419B} = {34A43217-3108-46B6-8372-9B4CAD7E38B6}
		{2BD55493-CA02-49BC-AD85-2BBAD91ACC62} = {0F6AAF9A-DAA9-4DAC-B8C8-7A3797A705BF}
		{8B2CAC51-72FF-4CD7-B4A6-8CC3588CE4F6} = {2BD55493-CA02-49BC-AD85-2BBAD91ACC62}
		{D82F7C1F-DD4C-4DD6-9695-AD47C1392044} = {2BD55493-CA02-49BC-AD85-2BBAD91ACC62}
		{8D96D7AF-60F3-43AB-BC0A-2DE7B532839A} = {0F6AAF9A-DAA9-4DAC-B8C8-7A3797A705BF}
		{22233214-8305-4094-B632-DD0C26A785C1} = {911549F5-F68C-44D0-A876-B2AFBFBDA2AE}
		{13114923-5ACC-47CD-AC86-2DFDB136DFB8} = {8D96D7AF-60F3-43AB-BC0A-2DE7B532839A}
		{DDF1E935-0115-4D0D-8C1E-BEDB1DDFDF3D} = {8D96D7AF-60F3-43AB-BC0A-2DE7B532839A}
		{B92D68DB-5357-424B-A9E0-3275A6993E0C} = {22233214-8305-4094-B632-DD0C26A785C1}
		{D6521F18-983B-43F2-87A8-0D178CA8B7F5} = {0F6AAF9A-DAA9-4DAC-B8C8-7A3797A705BF}
		{9E766720-2E98-471E-90F6-BDC8B8C17A04} = {D6521F18-983B-43F2-87A8-0D178CA8B7F5}
		{65320BFD-C29D-403D-BED8-FC02477EFD27} = {D6521F18-983B-43F2-87A8-0D178CA8B7F5}
		{FAE0AD99-1069-4011-8084-F49882B984BF} = {4F45E3B1-E1A3-4550-AE9C-571E430C8520}
		{B01CA1D1-0BB5-469A-97EF-755ECBDD548A} = {4F45E3B1-E1A3-4550-AE9C-571E430C8520}
		{C41911AB-C915-4641-8E35-C5A814D4406A} = {FAE0AD99-1069-4011-8084-F49882B984BF}
		{12D607D2-921C-4488-9100-C4C2F55DEBF1} = {FAE0AD99-1069-4011-8084-F49882B984BF}
		{AC7C9AC1-D1F5-4947-83BF-953DB71723F3} = {B01CA1D1-0BB5-469A-97EF-755ECBDD548A}
		{11DB126D-700D-432D-869E-71D2177841A8} = {22233214-8305-4094-B632-DD0C26A785C1}
		{031A6F36-7FC6-414C-8386-770E0F838D92} = {B01CA1D1-0BB5-469A-97EF-755ECBDD548A}
		{15B8B9C8-E602-40B1-8302-AE6F26C17BA8} = {0F6AAF9A-DAA9-4DAC-B8C8-7A3797A705BF}
		{E7ADAC6E-987C-4556-855F-F6A55EC2E2C0} = {15B8B9C8-E602-40B1-8302-AE6F26C17BA8}
		{B8B8065D-25FB-4F1E-AB6D-332BE5D9D300} = {15B8B9C8-E602-40B1-8302-AE6F26C17BA8}
	EndGlobalSection
	GlobalSection(ExtensibilityGlobals) = postSolution
		SolutionGuid = {1CACF4BD-6D11-4EBC-BCB3-5AF7576B44F0}
	EndGlobalSection
EndGlobal
